// !$*UTF8*$!
{
	archiveVersion = 1;
	classes = {
	};
	objectVersion = 46;
	objects = {

/* Begin PBXBuildFile section */
		F5D0EA731CC6EF8600F01024 /* AppDelegate.swift in Sources */ = {isa = PBXBuildFile; fileRef = F5D0EA721CC6EF8600F01024 /* AppDelegate.swift */; };
		F5D0EA751CC6EF8600F01024 /* ViewController.swift in Sources */ = {isa = PBXBuildFile; fileRef = F5D0EA741CC6EF8600F01024 /* ViewController.swift */; };
		F5D0EA781CC6EF8600F01024 /* Main.storyboard in Resources */ = {isa = PBXBuildFile; fileRef = F5D0EA761CC6EF8600F01024 /* Main.storyboard */; };
		F5D0EA7A1CC6EF8600F01024 /* Assets.xcassets in Resources */ = {isa = PBXBuildFile; fileRef = F5D0EA791CC6EF8600F01024 /* Assets.xcassets */; };
		F5D0EA7D1CC6EF8600F01024 /* LaunchScreen.storyboard in Resources */ = {isa = PBXBuildFile; fileRef = F5D0EA7B1CC6EF8600F01024 /* LaunchScreen.storyboard */; };
		F5D0EA891CC71CC600F01024 /* FTEmojiParser.swift in Sources */ = {isa = PBXBuildFile; fileRef = F5D0EA881CC71CC600F01024 /* FTEmojiParser.swift */; };
/* End PBXBuildFile section */

/* Begin PBXFileReference section */
		F5D0EA6F1CC6EF8600F01024 /* FTEmojiParser.app */ = {isa = PBXFileReference; explicitFileType = wrapper.application; includeInIndex = 0; path = FTEmojiParser.app; sourceTree = BUILT_PRODUCTS_DIR; };
		F5D0EA721CC6EF8600F01024 /* AppDelegate.swift */ = {isa = PBXFileReference; lastKnownFileType = sourcecode.swift; path = AppDelegate.swift; sourceTree = "<group>"; };
		F5D0EA741CC6EF8600F01024 /* ViewController.swift */ = {isa = PBXFileReference; lastKnownFileType = sourcecode.swift; path = ViewController.swift; sourceTree = "<group>"; };
		F5D0EA771CC6EF8600F01024 /* Base */ = {isa = PBXFileReference; lastKnownFileType = file.storyboard; name = Base; path = Base.lproj/Main.storyboard; sourceTree = "<group>"; };
		F5D0EA791CC6EF8600F01024 /* Assets.xcassets */ = {isa = PBXFileReference; lastKnownFileType = folder.assetcatalog; path = Assets.xcassets; sourceTree = "<group>"; };
		F5D0EA7C1CC6EF8600F01024 /* Base */ = {isa = PBXFileReference; lastKnownFileType = file.storyboard; name = Base; path = Base.lproj/LaunchScreen.storyboard; sourceTree = "<group>"; };
		F5D0EA7E1CC6EF8600F01024 /* Info.plist */ = {isa = PBXFileReference; lastKnownFileType = text.plist.xml; path = Info.plist; sourceTree = "<group>"; };
		F5D0EA881CC71CC600F01024 /* FTEmojiParser.swift */ = {isa = PBXFileReference; fileEncoding = 4; lastKnownFileType = sourcecode.swift; path = FTEmojiParser.swift; sourceTree = "<group>"; };
/* End PBXFileReference section */

/* Begin PBXFrameworksBuildPhase section */
		F5D0EA6C1CC6EF8600F01024 /* Frameworks */ = {
			isa = PBXFrameworksBuildPhase;
			buildActionMask = 2147483647;
			files = (
			);
			runOnlyForDeploymentPostprocessing = 0;
		};
/* End PBXFrameworksBuildPhase section */

/* Begin PBXGroup section */
		F5D0EA661CC6EF8600F01024 = {
			isa = PBXGroup;
			children = (
				F5D0EA711CC6EF8600F01024 /* FTEmojiParser */,
				F5D0EA701CC6EF8600F01024 /* Products */,
			);
			sourceTree = "<group>";
		};
		F5D0EA701CC6EF8600F01024 /* Products */ = {
			isa = PBXGroup;
			children = (
				F5D0EA6F1CC6EF8600F01024 /* FTEmojiParser.app */,
			);
			name = Products;
			sourceTree = "<group>";
		};
		F5D0EA711CC6EF8600F01024 /* FTEmojiParser */ = {
			isa = PBXGroup;
			children = (
				F5D0EA721CC6EF8600F01024 /* AppDelegate.swift */,
				F5D0EA741CC6EF8600F01024 /* ViewController.swift */,
				F5D0EA761CC6EF8600F01024 /* Main.storyboard */,
				F5D0EA791CC6EF8600F01024 /* Assets.xcassets */,
				F5D0EA7B1CC6EF8600F01024 /* LaunchScreen.storyboard */,
				F5D0EA7E1CC6EF8600F01024 /* Info.plist */,
				F5D0EA881CC71CC600F01024 /* FTEmojiParser.swift */,
			);
			path = FTEmojiParser;
			sourceTree = "<group>";
		};
/* End PBXGroup section */

/* Begin PBXNativeTarget section */
		F5D0EA6E1CC6EF8600F01024 /* FTEmojiParser */ = {
			isa = PBXNativeTarget;
			buildConfigurationList = F5D0EA811CC6EF8600F01024 /* Build configuration list for PBXNativeTarget "FTEmojiParser" */;
			buildPhases = (
				F5D0EA6B1CC6EF8600F01024 /* Sources */,
				F5D0EA6C1CC6EF8600F01024 /* Frameworks */,
				F5D0EA6D1CC6EF8600F01024 /* Resources */,
			);
			buildRules = (
			);
			dependencies = (
			);
			name = FTEmojiParser;
			productName = FTEmojiParser;
			productReference = F5D0EA6F1CC6EF8600F01024 /* FTEmojiParser.app */;
			productType = "com.apple.product-type.application";
		};
/* End PBXNativeTarget section */

/* Begin PBXProject section */
		F5D0EA671CC6EF8600F01024 /* Project object */ = {
			isa = PBXProject;
			attributes = {
				LastSwiftUpdateCheck = 0730;
				LastUpgradeCheck = 0730;
				ORGANIZATIONNAME = "Florent THOMAS-MOREL";
				TargetAttributes = {
					F5D0EA6E1CC6EF8600F01024 = {
						CreatedOnToolsVersion = 7.3;
					};
				};
			};
			buildConfigurationList = F5D0EA6A1CC6EF8600F01024 /* Build configuration list for PBXProject "FTEmojiParser" */;
			compatibilityVersion = "Xcode 3.2";
			developmentRegion = English;
			hasScannedForEncodings = 0;
			knownRegions = (
				en,
				Base,
			);
			mainGroup = F5D0EA661CC6EF8600F01024;
			productRefGroup = F5D0EA701CC6EF8600F01024 /* Products */;
			projectDirPath = "";
			projectRoot = "";
			targets = (
				F5D0EA6E1CC6EF8600F01024 /* FTEmojiParser */,
			);
		};
/* End PBXProject section */

/* Begin PBXResourcesBuildPhase section */
		F5D0EA6D1CC6EF8600F01024 /* Resources */ = {
			isa = PBXResourcesBuildPhase;
			buildActionMask = 2147483647;
			files = (
				F5D0EA7D1CC6EF8600F01024 /* LaunchScreen.storyboard in Resources */,
				F5D0EA7A1CC6EF8600F01024 /* Assets.xcassets in Resources */,
				F5D0EA781CC6EF8600F01024 /* Main.storyboard in Resources */,
			);
			runOnlyForDeploymentPostprocessing = 0;
		};
/* End PBXResourcesBuildPhase section */

/* Begin PBXSourcesBuildPhase section */
		F5D0EA6B1CC6EF8600F01024 /* Sources */ = {
			isa = PBXSourcesBuildPhase;
			buildActionMask = 2147483647;
			files = (
				F5D0EA751CC6EF8600F01024 /* ViewController.swift in Sources */,
				F5D0EA891CC71CC600F01024 /* FTEmojiParser.swift in Sources */,
				F5D0EA731CC6EF8600F01024 /* AppDelegate.swift in Sources */,
			);
			runOnlyForDeploymentPostprocessing = 0;
		};
/* End PBXSourcesBuildPhase section */

/* Begin PBXVariantGroup section */
		F5D0EA761CC6EF8600F01024 /* Main.storyboard */ = {
			isa = PBXVariantGroup;
			children = (
				F5D0EA771CC6EF8600F01024 /* Base */,
			);
			name = Main.storyboard;
			sourceTree = "<group>";
		};
		F5D0EA7B1CC6EF8600F01024 /* LaunchScreen.storyboard */ = {
			isa = PBXVariantGroup;
			children = (
				F5D0EA7C1CC6EF8600F01024 /* Base */,
			);
			name = LaunchScreen.storyboard;
			sourceTree = "<group>";
		};
/* End PBXVariantGroup section */

/* Begin XCBuildConfiguration section */
		F5D0EA7F1CC6EF8600F01024 /* Debug */ = {
			isa = XCBuildConfiguration;
			buildSettings = {
				ALWAYS_SEARCH_USER_PATHS = NO;
				CLANG_ANALYZER_NONNULL = YES;
				CLANG_CXX_LANGUAGE_STANDARD = "gnu++0x";
				CLANG_CXX_LIBRARY = "libc++";
				CLANG_ENABLE_MODULES = YES;
				CLANG_ENABLE_OBJC_ARC = YES;
				CLANG_WARN_BOOL_CONVERSION = YES;
				CLANG_WARN_CONSTANT_CONVERSION = YES;
				CLANG_WARN_DIRECT_OBJC_ISA_USAGE = YES_ERROR;
				CLANG_WARN_EMPTY_BODY = YES;
				CLANG_WARN_ENUM_CONVERSION = YES;
				CLANG_WARN_INT_CONVERSION = YES;
				CLANG_WARN_OBJC_ROOT_CLASS = YES_ERROR;
				CLANG_WARN_UNREACHABLE_CODE = YES;
				CLANG_WARN__DUPLICATE_METHOD_MATCH = YES;
				"CODE_SIGN_IDENTITY[sdk=iphoneos*]" = "iPhone Developer";
				COPY_PHASE_STRIP = NO;
				DEBUG_INFORMATION_FORMAT = dwarf;
				ENABLE_STRICT_OBJC_MSGSEND = YES;
				ENABLE_TESTABILITY = YES;
				GCC_C_LANGUAGE_STANDARD = gnu99;
				GCC_DYNAMIC_NO_PIC = NO;
				GCC_NO_COMMON_BLOCKS = YES;
				GCC_OPTIMIZATION_LEVEL = 0;
				GCC_PREPROCESSOR_DEFINITIONS = (
					"DEBUG=1",
					"$(inherited)",
				);
				GCC_WARN_64_TO_32_BIT_CONVERSION = YES;
				GCC_WARN_ABOUT_RETURN_TYPE = YES_ERROR;
				GCC_WARN_UNDECLARED_SELECTOR = YES;
				GCC_WARN_UNINITIALIZED_AUTOS = YES_AGGRESSIVE;
				GCC_WARN_UNUSED_FUNCTION = YES;
				GCC_WARN_UNUSED_VARIABLE = YES;
				IPHONEOS_DEPLOYMENT_TARGET = 9.3;
				MTL_ENABLE_DEBUG_INFO = YES;
				ONLY_ACTIVE_ARCH = YES;
				SDKROOT = iphoneos;
				SWIFT_OPTIMIZATION_LEVEL = "-Onone";
			};
			name = Debug;
		};
		F5D0EA801CC6EF8600F01024 /* Release */ = {
			isa = XCBuildConfiguration;
			buildSettings = {
				ALWAYS_SEARCH_USER_PATHS = NO;
				CLANG_ANALYZER_NONNULL = YES;
				CLANG_CXX_LANGUAGE_STANDARD = "gnu++0x";
				CLANG_CXX_LIBRARY = "libc++";
				CLANG_ENABLE_MODULES = YES;
				CLANG_ENABLE_OBJC_ARC = YES;
				CLANG_WARN_BOOL_CONVERSION = YES;
				CLANG_WARN_CONSTANT_CONVERSION = YES;
				CLANG_WARN_DIRECT_OBJC_ISA_USAGE = YES_ERROR;
				CLANG_WARN_EMPTY_BODY = YES;
				CLANG_WARN_ENUM_CONVERSION = YES;
				CLANG_WARN_INT_CONVERSION = YES;
				CLANG_WARN_OBJC_ROOT_CLASS = YES_ERROR;
				CLANG_WARN_UNREACHABLE_CODE = YES;
				CLANG_WARN__DUPLICATE_METHOD_MATCH = YES;
				"CODE_SIGN_IDENTITY[sdk=iphoneos*]" = "iPhone Developer";
				COPY_PHASE_STRIP = NO;
				DEBUG_INFORMATION_FORMAT = "dwarf-with-dsym";
				ENABLE_NS_ASSERTIONS = NO;
				ENABLE_STRICT_OBJC_MSGSEND = YES;
				GCC_C_LANGUAGE_STANDARD = gnu99;
				GCC_NO_COMMON_BLOCKS = YES;
				GCC_WARN_64_TO_32_BIT_CONVERSION = YES;
				GCC_WARN_ABOUT_RETURN_TYPE = YES_ERROR;
				GCC_WARN_UNDECLARED_SELECTOR = YES;
				GCC_WARN_UNINITIALIZED_AUTOS = YES_AGGRESSIVE;
				GCC_WARN_UNUSED_FUNCTION = YES;
				GCC_WARN_UNUSED_VARIABLE = YES;
				IPHONEOS_DEPLOYMENT_TARGET = 9.3;
				MTL_ENABLE_DEBUG_INFO = NO;
				SDKROOT = iphoneos;
				VALIDATE_PRODUCT = YES;
			};
			name = Release;
		};
		F5D0EA821CC6EF8600F01024 /* Debug */ = {
			isa = XCBuildConfiguration;
			buildSettings = {
				ASSETCATALOG_COMPILER_APPICON_NAME = AppIcon;
				INFOPLIST_FILE = FTEmojiParser/Info.plist;
				LD_RUNPATH_SEARCH_PATHS = "$(inherited) @executable_path/Frameworks";
				PRODUCT_BUNDLE_IDENTIFIER = com.thomasmorel.florent.FTEmojiParser;
				PRODUCT_NAME = "$(TARGET_NAME)";
			};
			name = Debug;
		};
		F5D0EA831CC6EF8600F01024 /* Release */ = {
			isa = XCBuildConfiguration;
			buildSettings = {
				ASSETCATALOG_COMPILER_APPICON_NAME = AppIcon;
				INFOPLIST_FILE = FTEmojiParser/Info.plist;
				LD_RUNPATH_SEARCH_PATHS = "$(inherited) @executable_path/Frameworks";
				PRODUCT_BUNDLE_IDENTIFIER = com.thomasmorel.florent.FTEmojiParser;
				PRODUCT_NAME = "$(TARGET_NAME)";
			};
			name = Release;
		};
/* End XCBuildConfiguration section */

/* Begin XCConfigurationList section */
		F5D0EA6A1CC6EF8600F01024 /* Build configuration list for PBXProject "FTEmojiParser" */ = {
			isa = XCConfigurationList;
			buildConfigurations = (
				F5D0EA7F1CC6EF8600F01024 /* Debug */,
				F5D0EA801CC6EF8600F01024 /* Release */,
			);
			defaultConfigurationIsVisible = 0;
			defaultConfigurationName = Release;
		};
		F5D0EA811CC6EF8600F01024 /* Build configuration list for PBXNativeTarget "FTEmojiParser" */ = {
			isa = XCConfigurationList;
			buildConfigurations = (
				F5D0EA821CC6EF8600F01024 /* Debug */,
				F5D0EA831CC6EF8600F01024 /* Release */,
			);
			defaultConfigurationIsVisible = 0;
		};
/* End XCConfigurationList section */
	};
	rootObject = F5D0EA671CC6EF8600F01024 /* Project object */;
}
